
Microsoft Visual Studio Solution File, Format Version 12.00
# Visual Studio Version 16
VisualStudioVersion = 16.0.31112.23
MinimumVisualStudioVersion = 10.0.40219.1
Project("{FAE04EC0-301F-11D3-BF4B-00C04F79EFBC}") = "CarRacing", "CarRacing\CarRacing.csproj", "{66905F3A-E552-4890-BD30-FB4DBD350855}"
EndProject
Global
	GlobalSection(SolutionConfigurationPlatforms) = preSolution
		Debug|Any CPU = Debug|Any CPU
		Release|Any CPU = Release|Any CPU
	EndGlobalSection
	GlobalSection(ProjectConfigurationPlatforms) = postSolution
		{66905F3A-E552-4890-BD30-FB4DBD350855}.Debug|Any CPU.ActiveCfg = Debug|Any CPU
		{66905F3A-E552-4890-BD30-FB4DBD350855}.Debug|Any CPU.Build.0 = Debug|Any CPU
		{66905F3A-E552-4890-BD30-FB4DBD350855}.Release|Any CPU.ActiveCfg = Release|Any CPU
		{66905F3A-E552-4890-BD30-FB4DBD350855}.Release|Any CPU.Build.0 = Release|Any CPU
	EndGlobalSection
	GlobalSection(SolutionProperties) = preSolution
		HideSolutionNode = FALSE
	EndGlobalSection
	GlobalSection(ExtensibilityGlobals) = postSolution
		SolutionGuid = {EC2A339C-8295-43CD-9699-69C685AAF46D}
	EndGlobalSection
EndGlobal
